
Microsoft Visual Studio Solution File, Format Version 12.00
# Visual Studio Version 17
VisualStudioVersion = 17.8.34330.188
MinimumVisualStudioVersion = 10.0.40219.1
Project("{FAE04EC0-301F-11D3-BF4B-00C04F79EFBC}") = "Attendance Management System", "Attendance Management System\Attendance Management System.csproj", "{B88ECE1E-1FDC-45DB-9F55-718BE179ECF9}"
EndProject
Global
	GlobalSection(SolutionConfigurationPlatforms) = preSolution
		Debug|Any CPU = Debug|Any CPU
		Release|Any CPU = Release|Any CPU
	EndGlobalSection
	GlobalSection(ProjectConfigurationPlatforms) = postSolution
		{B88ECE1E-1FDC-45DB-9F55-718BE179ECF9}.Debug|Any CPU.ActiveCfg = Debug|Any CPU
		{B88ECE1E-1FDC-45DB-9F55-718BE179ECF9}.Debug|Any CPU.Build.0 = Debug|Any CPU
		{B88ECE1E-1FDC-45DB-9F55-718BE179ECF9}.Release|Any CPU.ActiveCfg = Release|Any CPU
		{B88ECE1E-1FDC-45DB-9F55-718BE179ECF9}.Release|Any CPU.Build.0 = Release|Any CPU
	EndGlobalSection
	GlobalSection(SolutionProperties) = preSolution
		HideSolutionNode = FALSE
	EndGlobalSection
	GlobalSection(ExtensibilityGlobals) = postSolution
		SolutionGuid = {7ED9F4C6-38D8-4363-8CF9-392B0011722D}
	EndGlobalSection
EndGlobal
